
Microsoft Visual Studio Solution File, Format Version 12.00
# Visual Studio Version 17
VisualStudioVersion = 17.5.33627.172
MinimumVisualStudioVersion = 10.0.40219.1
Project("{FAE04EC0-301F-11D3-BF4B-00C04F79EFBC}") = "URI1002", "URI1002\URI1002.csproj", "{0B42D7F0-BE91-42C3-91A3-D2589F8F3C68}"
EndProject
Global
	GlobalSection(SolutionConfigurationPlatforms) = preSolution
		Debug|Any CPU = Debug|Any CPU
		Release|Any CPU = Release|Any CPU
	EndGlobalSection
	GlobalSection(ProjectConfigurationPlatforms) = postSolution
		{0B42D7F0-BE91-42C3-91A3-D2589F8F3C68}.Debug|Any CPU.ActiveCfg = Debug|Any CPU
		{0B42D7F0-BE91-42C3-91A3-D2589F8F3C68}.Debug|Any CPU.Build.0 = Debug|Any CPU
		{0B42D7F0-BE91-42C3-91A3-D2589F8F3C68}.Release|Any CPU.ActiveCfg = Release|Any CPU
		{0B42D7F0-BE91-42C3-91A3-D2589F8F3C68}.Release|Any CPU.Build.0 = Release|Any CPU
	EndGlobalSection
	GlobalSection(SolutionProperties) = preSolution
		HideSolutionNode = FALSE
	EndGlobalSection
	GlobalSection(ExtensibilityGlobals) = postSolution
		SolutionGuid = {EBE7219C-D4AD-42ED-8DA9-4000EA187485}
	EndGlobalSection
EndGlobal
